// !$*UTF8*$!
{
	archiveVersion = 1;
	classes = {
	};
	objectVersion = 50;
	objects = {

/* Begin PBXBuildFile section */
		5C019B362486041C00BF2703 /* AppDelegate.swift in Sources */ = {isa = PBXBuildFile; fileRef = 5C019B352486041C00BF2703 /* AppDelegate.swift */; };
		5C019B382486041C00BF2703 /* SingleViewController.swift in Sources */ = {isa = PBXBuildFile; fileRef = 5C019B372486041C00BF2703 /* SingleViewController.swift */; };
		5C019B3B2486041C00BF2703 /* Contacts.xcdatamodeld in Sources */ = {isa = PBXBuildFile; fileRef = 5C019B392486041C00BF2703 /* Contacts.xcdatamodeld */; };
		5C019B3D2486041F00BF2703 /* Assets.xcassets in Resources */ = {isa = PBXBuildFile; fileRef = 5C019B3C2486041F00BF2703 /* Assets.xcassets */; };
		5C019B402486041F00BF2703 /* Main.storyboard in Resources */ = {isa = PBXBuildFile; fileRef = 5C019B3E2486041F00BF2703 /* Main.storyboard */; };
		5C019B4D24864D6300BF2703 /* Contact.swift in Sources */ = {isa = PBXBuildFile; fileRef = 5C019B4C24864D6300BF2703 /* Contact.swift */; };
		5C52F565248D225700665A59 /* AddContactViewController.swift in Sources */ = {isa = PBXBuildFile; fileRef = 5C52F563248D225700665A59 /* AddContactViewController.swift */; };
/* End PBXBuildFile section */

/* Begin PBXFileReference section */
		5C019B322486041C00BF2703 /* Contacts.app */ = {isa = PBXFileReference; explicitFileType = wrapper.application; includeInIndex = 0; path = Contacts.app; sourceTree = BUILT_PRODUCTS_DIR; };
		5C019B352486041C00BF2703 /* AppDelegate.swift */ = {isa = PBXFileReference; lastKnownFileType = sourcecode.swift; path = AppDelegate.swift; sourceTree = "<group>"; };
		5C019B372486041C00BF2703 /* SingleViewController.swift */ = {isa = PBXFileReference; lastKnownFileType = sourcecode.swift; path = SingleViewController.swift; sourceTree = "<group>"; };
		5C019B3A2486041C00BF2703 /* Contacts.xcdatamodel */ = {isa = PBXFileReference; lastKnownFileType = wrapper.xcdatamodel; path = Contacts.xcdatamodel; sourceTree = "<group>"; };
		5C019B3C2486041F00BF2703 /* Assets.xcassets */ = {isa = PBXFileReference; lastKnownFileType = folder.assetcatalog; path = Assets.xcassets; sourceTree = "<group>"; };
		5C019B3F2486041F00BF2703 /* Base */ = {isa = PBXFileReference; lastKnownFileType = file.storyboard; name = Base; path = Base.lproj/Main.storyboard; sourceTree = "<group>"; };
		5C019B412486041F00BF2703 /* Info.plist */ = {isa = PBXFileReference; lastKnownFileType = text.plist.xml; path = Info.plist; sourceTree = "<group>"; };
		5C019B422486041F00BF2703 /* Contacts.entitlements */ = {isa = PBXFileReference; lastKnownFileType = text.plist.entitlements; path = Contacts.entitlements; sourceTree = "<group>"; };
		5C019B4C24864D6300BF2703 /* Contact.swift */ = {isa = PBXFileReference; lastKnownFileType = sourcecode.swift; path = Contact.swift; sourceTree = "<group>"; };
		5C52F563248D225700665A59 /* AddContactViewController.swift */ = {isa = PBXFileReference; lastKnownFileType = sourcecode.swift; path = AddContactViewController.swift; sourceTree = "<group>"; };
/* End PBXFileReference section */

/* Begin PBXFrameworksBuildPhase section */
		5C019B2F2486041C00BF2703 /* Frameworks */ = {
			isa = PBXFrameworksBuildPhase;
			buildActionMask = 2147483647;
			files = (
			);
			runOnlyForDeploymentPostprocessing = 0;
		};
/* End PBXFrameworksBuildPhase section */

/* Begin PBXGroup section */
		5C019B292486041C00BF2703 = {
			isa = PBXGroup;
			children = (
				5C019B342486041C00BF2703 /* Contacts */,
				5C019B332486041C00BF2703 /* Products */,
			);
			sourceTree = "<group>";
		};
		5C019B332486041C00BF2703 /* Products */ = {
			isa = PBXGroup;
			children = (
				5C019B322486041C00BF2703 /* Contacts.app */,
			);
			name = Products;
			sourceTree = "<group>";
		};
		5C019B342486041C00BF2703 /* Contacts */ = {
			isa = PBXGroup;
			children = (
				5C019B352486041C00BF2703 /* AppDelegate.swift */,
				5C019B4C24864D6300BF2703 /* Contact.swift */,
				5C019B372486041C00BF2703 /* SingleViewController.swift */,
				5C52F563248D225700665A59 /* AddContactViewController.swift */,
				5C019B3C2486041F00BF2703 /* Assets.xcassets */,
				5C019B3E2486041F00BF2703 /* Main.storyboard */,
				5C019B412486041F00BF2703 /* Info.plist */,
				5C019B422486041F00BF2703 /* Contacts.entitlements */,
				5C019B392486041C00BF2703 /* Contacts.xcdatamodeld */,
			);
			path = Contacts;
			sourceTree = "<group>";
		};
/* End PBXGroup section */

/* Begin PBXNativeTarget section */
		5C019B312486041C00BF2703 /* Contacts */ = {
			isa = PBXNativeTarget;
			buildConfigurationList = 5C019B452486041F00BF2703 /* Build configuration list for PBXNativeTarget "Contacts" */;
			buildPhases = (
				5C019B2E2486041C00BF2703 /* Sources */,
				5C019B2F2486041C00BF2703 /* Frameworks */,
				5C019B302486041C00BF2703 /* Resources */,
			);
			buildRules = (
			);
			dependencies = (
			);
			name = Contacts;
			productName = Contacts;
			productReference = 5C019B322486041C00BF2703 /* Contacts.app */;
			productType = "com.apple.product-type.application";
		};
/* End PBXNativeTarget section */

/* Begin PBXProject section */
		5C019B2A2486041C00BF2703 /* Project object */ = {
			isa = PBXProject;
			attributes = {
				LastSwiftUpdateCheck = 1150;
				LastUpgradeCheck = 1150;
				ORGANIZATIONNAME = Noirdemort;
				TargetAttributes = {
					5C019B312486041C00BF2703 = {
						CreatedOnToolsVersion = 11.5;
					};
				};
			};
			buildConfigurationList = 5C019B2D2486041C00BF2703 /* Build configuration list for PBXProject "Contacts" */;
			compatibilityVersion = "Xcode 9.3";
			developmentRegion = en;
			hasScannedForEncodings = 0;
			knownRegions = (
				en,
				Base,
			);
			mainGroup = 5C019B292486041C00BF2703;
			productRefGroup = 5C019B332486041C00BF2703 /* Products */;
			projectDirPath = "";
			projectRoot = "";
			targets = (
				5C019B312486041C00BF2703 /* Contacts */,
			);
		};
/* End PBXProject section */

/* Begin PBXResourcesBuildPhase section */
		5C019B302486041C00BF2703 /* Resources */ = {
			isa = PBXResourcesBuildPhase;
			buildActionMask = 2147483647;
			files = (
				5C019B3D2486041F00BF2703 /* Assets.xcassets in Resources */,
				5C019B402486041F00BF2703 /* Main.storyboard in Resources */,
			);
			runOnlyForDeploymentPostprocessing = 0;
		};
/* End PBXResourcesBuildPhase section */

/* Begin PBXSourcesBuildPhase section */
		5C019B2E2486041C00BF2703 /* Sources */ = {
			isa = PBXSourcesBuildPhase;
			buildActionMask = 2147483647;
			files = (
				5C019B4D24864D6300BF2703 /* Contact.swift in Sources */,
				5C019B382486041C00BF2703 /* SingleViewController.swift in Sources */,
				5C52F565248D225700665A59 /* AddContactViewController.swift in Sources */,
				5C019B362486041C00BF2703 /* AppDelegate.swift in Sources */,
				5C019B3B2486041C00BF2703 /* Contacts.xcdatamodeld in Sources */,
			);
			runOnlyForDeploymentPostprocessing = 0;
		};
/* End PBXSourcesBuildPhase section */

/* Begin PBXVariantGroup section */
		5C019B3E2486041F00BF2703 /* Main.storyboard */ = {
			isa = PBXVariantGroup;
			children = (
				5C019B3F2486041F00BF2703 /* Base */,
			);
			name = Main.storyboard;
			sourceTree = "<group>";
		};
/* End PBXVariantGroup section */

/* Begin XCBuildConfiguration section */
		5C019B432486041F00BF2703 /* Debug */ = {
			isa = XCBuildConfiguration;
			buildSettings = {
				ALWAYS_SEARCH_USER_PATHS = NO;
				CLANG_ANALYZER_NONNULL = YES;
				CLANG_ANALYZER_NUMBER_OBJECT_CONVERSION = YES_AGGRESSIVE;
				CLANG_CXX_LANGUAGE_STANDARD = "gnu++14";
				CLANG_CXX_LIBRARY = "libc++";
				CLANG_ENABLE_MODULES = YES;
				CLANG_ENABLE_OBJC_ARC = YES;
				CLANG_ENABLE_OBJC_WEAK = YES;
				CLANG_WARN_BLOCK_CAPTURE_AUTORELEASING = YES;
				CLANG_WARN_BOOL_CONVERSION = YES;
				CLANG_WARN_COMMA = YES;
				CLANG_WARN_CONSTANT_CONVERSION = YES;
				CLANG_WARN_DEPRECATED_OBJC_IMPLEMENTATIONS = YES;
				CLANG_WARN_DIRECT_OBJC_ISA_USAGE = YES_ERROR;
				CLANG_WARN_DOCUMENTATION_COMMENTS = YES;
				CLANG_WARN_EMPTY_BODY = YES;
				CLANG_WARN_ENUM_CONVERSION = YES;
				CLANG_WARN_INFINITE_RECURSION = YES;
				CLANG_WARN_INT_CONVERSION = YES;
				CLANG_WARN_NON_LITERAL_NULL_CONVERSION = YES;
				CLANG_WARN_OBJC_IMPLICIT_RETAIN_SELF = YES;
				CLANG_WARN_OBJC_LITERAL_CONVERSION = YES;
				CLANG_WARN_OBJC_ROOT_CLASS = YES_ERROR;
				CLANG_WARN_RANGE_LOOP_ANALYSIS = YES;
				CLANG_WARN_STRICT_PROTOTYPES = YES;
				CLANG_WARN_SUSPICIOUS_MOVE = YES;
				CLANG_WARN_UNGUARDED_AVAILABILITY = YES_AGGRESSIVE;
				CLANG_WARN_UNREACHABLE_CODE = YES;
				CLANG_WARN__DUPLICATE_METHOD_MATCH = YES;
				COPY_PHASE_STRIP = NO;
				DEBUG_INFORMATION_FORMAT = dwarf;
				ENABLE_STRICT_OBJC_MSGSEND = YES;
				ENABLE_TESTABILITY = YES;
				GCC_C_LANGUAGE_STANDARD = gnu11;
				GCC_DYNAMIC_NO_PIC = NO;
				GCC_NO_COMMON_BLOCKS = YES;
				GCC_OPTIMIZATION_LEVEL = 0;
				GCC_PREPROCESSOR_DEFINITIONS = (
					"DEBUG=1",
					"$(inherited)",
				);
				GCC_WARN_64_TO_32_BIT_CONVERSION = YES;
				GCC_WARN_ABOUT_RETURN_TYPE = YES_ERROR;
				GCC_WARN_UNDECLARED_SELECTOR = YES;
				GCC_WARN_UNINITIALIZED_AUTOS = YES_AGGRESSIVE;
				GCC_WARN_UNUSED_FUNCTION = YES;
				GCC_WARN_UNUSED_VARIABLE = YES;
				MACOSX_DEPLOYMENT_TARGET = 10.15;
				MTL_ENABLE_DEBUG_INFO = INCLUDE_SOURCE;
				MTL_FAST_MATH = YES;
				ONLY_ACTIVE_ARCH = YES;
				SDKROOT = macosx;
				SWIFT_ACTIVE_COMPILATION_CONDITIONS = DEBUG;
				SWIFT_OPTIMIZATION_LEVEL = "-Onone";
			};
			name = Debug;
		};
		5C019B442486041F00BF2703 /* Release */ = {
			isa = XCBuildConfiguration;
			buildSettings = {
				ALWAYS_SEARCH_USER_PATHS = NO;
				CLANG_ANALYZER_NONNULL = YES;
				CLANG_ANALYZER_NUMBER_OBJECT_CONVERSION = YES_AGGRESSIVE;
				CLANG_CXX_LANGUAGE_STANDARD = "gnu++14";
				CLANG_CXX_LIBRARY = "libc++";
				CLANG_ENABLE_MODULES = YES;
				CLANG_ENABLE_OBJC_ARC = YES;
				CLANG_ENABLE_OBJC_WEAK = YES;
				CLANG_WARN_BLOCK_CAPTURE_AUTORELEASING = YES;
				CLANG_WARN_BOOL_CONVERSION = YES;
				CLANG_WARN_COMMA = YES;
				CLANG_WARN_CONSTANT_CONVERSION = YES;
				CLANG_WARN_DEPRECATED_OBJC_IMPLEMENTATIONS = YES;
				CLANG_WARN_DIRECT_OBJC_ISA_USAGE = YES_ERROR;
				CLANG_WARN_DOCUMENTATION_COMMENTS = YES;
				CLANG_WARN_EMPTY_BODY = YES;
				CLANG_WARN_ENUM_CONVERSION = YES;
				CLANG_WARN_INFINITE_RECURSION = YES;
				CLANG_WARN_INT_CONVERSION = YES;
				CLANG_WARN_NON_LITERAL_NULL_CONVERSION = YES;
				CLANG_WARN_OBJC_IMPLICIT_RETAIN_SELF = YES;
				CLANG_WARN_OBJC_LITERAL_CONVERSION = YES;
				CLANG_WARN_OBJC_ROOT_CLASS = YES_ERROR;
				CLANG_WARN_RANGE_LOOP_ANALYSIS = YES;
				CLANG_WARN_STRICT_PROTOTYPES = YES;
				CLANG_WARN_SUSPICIOUS_MOVE = YES;
				CLANG_WARN_UNGUARDED_AVAILABILITY = YES_AGGRESSIVE;
				CLANG_WARN_UNREACHABLE_CODE = YES;
				CLANG_WARN__DUPLICATE_METHOD_MATCH = YES;
				COPY_PHASE_STRIP = NO;
				DEBUG_INFORMATION_FORMAT = "dwarf-with-dsym";
				ENABLE_NS_ASSERTIONS = NO;
				ENABLE_STRICT_OBJC_MSGSEND = YES;
				GCC_C_LANGUAGE_STANDARD = gnu11;
				GCC_NO_COMMON_BLOCKS = YES;
				GCC_WARN_64_TO_32_BIT_CONVERSION = YES;
				GCC_WARN_ABOUT_RETURN_TYPE = YES_ERROR;
				GCC_WARN_UNDECLARED_SELECTOR = YES;
				GCC_WARN_UNINITIALIZED_AUTOS = YES_AGGRESSIVE;
				GCC_WARN_UNUSED_FUNCTION = YES;
				GCC_WARN_UNUSED_VARIABLE = YES;
				MACOSX_DEPLOYMENT_TARGET = 10.15;
				MTL_ENABLE_DEBUG_INFO = NO;
				MTL_FAST_MATH = YES;
				SDKROOT = macosx;
				SWIFT_COMPILATION_MODE = wholemodule;
				SWIFT_OPTIMIZATION_LEVEL = "-O";
			};
			name = Release;
		};
		5C019B462486041F00BF2703 /* Debug */ = {
			isa = XCBuildConfiguration;
			buildSettings = {
				ASSETCATALOG_COMPILER_APPICON_NAME = AppIcon;
				CODE_SIGN_ENTITLEMENTS = Contacts/Contacts.entitlements;
				CODE_SIGN_STYLE = Automatic;
				COMBINE_HIDPI_IMAGES = YES;
				DEVELOPMENT_TEAM = GLBR3SXF68;
				ENABLE_HARDENED_RUNTIME = YES;
				INFOPLIST_FILE = Contacts/Info.plist;
				LD_RUNPATH_SEARCH_PATHS = (
					"$(inherited)",
					"@executable_path/../Frameworks",
				);
				PRODUCT_BUNDLE_IDENTIFIER = org.d3lt4.Contacts;
				PRODUCT_NAME = "$(TARGET_NAME)";
				SWIFT_VERSION = 5.0;
			};
			name = Debug;
		};
		5C019B472486041F00BF2703 /* Release */ = {
			isa = XCBuildConfiguration;
			buildSettings = {
				ASSETCATALOG_COMPILER_APPICON_NAME = AppIcon;
				CODE_SIGN_ENTITLEMENTS = Contacts/Contacts.entitlements;
				CODE_SIGN_STYLE = Automatic;
				COMBINE_HIDPI_IMAGES = YES;
				DEVELOPMENT_TEAM = GLBR3SXF68;
				ENABLE_HARDENED_RUNTIME = YES;
				INFOPLIST_FILE = Contacts/Info.plist;
				LD_RUNPATH_SEARCH_PATHS = (
					"$(inherited)",
					"@executable_path/../Frameworks",
				);
				PRODUCT_BUNDLE_IDENTIFIER = org.d3lt4.Contacts;
				PRODUCT_NAME = "$(TARGET_NAME)";
				SWIFT_VERSION = 5.0;
			};
			name = Release;
		};
/* End XCBuildConfiguration section */

/* Begin XCConfigurationList section */
		5C019B2D2486041C00BF2703 /* Build configuration list for PBXProject "Contacts" */ = {
			isa = XCConfigurationList;
			buildConfigurations = (
				5C019B432486041F00BF2703 /* Debug */,
				5C019B442486041F00BF2703 /* Release */,
			);
			defaultConfigurationIsVisible = 0;
			defaultConfigurationName = Release;
		};
		5C019B452486041F00BF2703 /* Build configuration list for PBXNativeTarget "Contacts" */ = {
			isa = XCConfigurationList;
			buildConfigurations = (
				5C019B462486041F00BF2703 /* Debug */,
				5C019B472486041F00BF2703 /* Release */,
			);
			defaultConfigurationIsVisible = 0;
			defaultConfigurationName = Release;
		};
/* End XCConfigurationList section */

/* Begin XCVersionGroup section */
		5C019B392486041C00BF2703 /* Contacts.xcdatamodeld */ = {
			isa = XCVersionGroup;
			children = (
				5C019B3A2486041C00BF2703 /* Contacts.xcdatamodel */,
			);
			currentVersion = 5C019B3A2486041C00BF2703 /* Contacts.xcdatamodel */;
			path = Contacts.xcdatamodeld;
			sourceTree = "<group>";
			versionGroupType = wrapper.xcdatamodel;
		};
/* End XCVersionGroup section */
	};
	rootObject = 5C019B2A2486041C00BF2703 /* Project object */;
}
